
Microsoft Visual Studio Solution File, Format Version 12.00
# Visual Studio Version 16
VisualStudioVersion = 25.0.1703.7
MinimumVisualStudioVersion = 10.0.40219.1
Project("{FAE04EC0-301F-11D3-BF4B-00C04F79EFBC}") = "Aplikacja1", "Aplikacja1\Aplikacja1.csproj", "{B58B9805-1293-4283-90ED-D7D380CB960D}"
EndProject
Global
	GlobalSection(SolutionConfigurationPlatforms) = preSolution
		Debug|Any CPU = Debug|Any CPU
		Release|Any CPU = Release|Any CPU
	EndGlobalSection
	GlobalSection(ProjectConfigurationPlatforms) = postSolution
		{B58B9805-1293-4283-90ED-D7D380CB960D}.Debug|Any CPU.ActiveCfg = Debug|Any CPU
		{B58B9805-1293-4283-90ED-D7D380CB960D}.Debug|Any CPU.Build.0 = Debug|Any CPU
		{B58B9805-1293-4283-90ED-D7D380CB960D}.Release|Any CPU.ActiveCfg = Release|Any CPU
		{B58B9805-1293-4283-90ED-D7D380CB960D}.Release|Any CPU.Build.0 = Release|Any CPU
	EndGlobalSection
	GlobalSection(SolutionProperties) = preSolution
		HideSolutionNode = FALSE
	EndGlobalSection
	GlobalSection(ExtensibilityGlobals) = postSolution
		SolutionGuid = {55D48796-67BE-4A3E-8F83-4BC5912CF6C8}
	EndGlobalSection
EndGlobal
