
Microsoft Visual Studio Solution File, Format Version 12.00
# Visual Studio Version 16
VisualStudioVersion = 25.0.1703.7
MinimumVisualStudioVersion = 10.0.40219.1
Project("{FAE04EC0-301F-11D3-BF4B-00C04F79EFBC}") = "Aplikacja5", "Aplikacja5\Aplikacja5.csproj", "{62289B0E-F5D6-4949-AF91-643310A65370}"
EndProject
Global
	GlobalSection(SolutionConfigurationPlatforms) = preSolution
		Debug|Any CPU = Debug|Any CPU
		Release|Any CPU = Release|Any CPU
	EndGlobalSection
	GlobalSection(ProjectConfigurationPlatforms) = postSolution
		{62289B0E-F5D6-4949-AF91-643310A65370}.Debug|Any CPU.ActiveCfg = Debug|Any CPU
		{62289B0E-F5D6-4949-AF91-643310A65370}.Debug|Any CPU.Build.0 = Debug|Any CPU
		{62289B0E-F5D6-4949-AF91-643310A65370}.Release|Any CPU.ActiveCfg = Release|Any CPU
		{62289B0E-F5D6-4949-AF91-643310A65370}.Release|Any CPU.Build.0 = Release|Any CPU
	EndGlobalSection
	GlobalSection(SolutionProperties) = preSolution
		HideSolutionNode = FALSE
	EndGlobalSection
	GlobalSection(ExtensibilityGlobals) = postSolution
		SolutionGuid = {C5FE17AF-636A-42DB-9EE6-3A9AFF0080C2}
	EndGlobalSection
EndGlobal
