
Microsoft Visual Studio Solution File, Format Version 12.00
# Visual Studio Version 17
VisualStudioVersion = 17.3.32929.385
MinimumVisualStudioVersion = 10.0.40219.1
Project("{FAE04EC0-301F-11D3-BF4B-00C04F79EFBC}") = "Aplikacja7", "Aplikacja7\Aplikacja7.csproj", "{74228B7A-C860-4A6A-9213-2EBA896D6615}"
EndProject
Global
	GlobalSection(SolutionConfigurationPlatforms) = preSolution
		Debug|Any CPU = Debug|Any CPU
		Release|Any CPU = Release|Any CPU
	EndGlobalSection
	GlobalSection(ProjectConfigurationPlatforms) = postSolution
		{74228B7A-C860-4A6A-9213-2EBA896D6615}.Debug|Any CPU.ActiveCfg = Debug|Any CPU
		{74228B7A-C860-4A6A-9213-2EBA896D6615}.Debug|Any CPU.Build.0 = Debug|Any CPU
		{74228B7A-C860-4A6A-9213-2EBA896D6615}.Release|Any CPU.ActiveCfg = Release|Any CPU
		{74228B7A-C860-4A6A-9213-2EBA896D6615}.Release|Any CPU.Build.0 = Release|Any CPU
	EndGlobalSection
	GlobalSection(SolutionProperties) = preSolution
		HideSolutionNode = FALSE
	EndGlobalSection
	GlobalSection(ExtensibilityGlobals) = postSolution
		SolutionGuid = {70D454FB-EFBA-4590-9913-EF7D8CEF1E0E}
	EndGlobalSection
EndGlobal
