
Microsoft Visual Studio Solution File, Format Version 12.00
# Visual Studio Version 16
VisualStudioVersion = 25.0.1703.7
MinimumVisualStudioVersion = 10.0.40219.1
Project("{FAE04EC0-301F-11D3-BF4B-00C04F79EFBC}") = "Aplikacja8", "Aplikacja8\Aplikacja8.csproj", "{8DCBB008-917C-4219-9E50-6658A937F76F}"
EndProject
Global
	GlobalSection(SolutionConfigurationPlatforms) = preSolution
		Debug|Any CPU = Debug|Any CPU
		Release|Any CPU = Release|Any CPU
	EndGlobalSection
	GlobalSection(ProjectConfigurationPlatforms) = postSolution
		{8DCBB008-917C-4219-9E50-6658A937F76F}.Debug|Any CPU.ActiveCfg = Debug|Any CPU
		{8DCBB008-917C-4219-9E50-6658A937F76F}.Debug|Any CPU.Build.0 = Debug|Any CPU
		{8DCBB008-917C-4219-9E50-6658A937F76F}.Release|Any CPU.ActiveCfg = Release|Any CPU
		{8DCBB008-917C-4219-9E50-6658A937F76F}.Release|Any CPU.Build.0 = Release|Any CPU
	EndGlobalSection
	GlobalSection(SolutionProperties) = preSolution
		HideSolutionNode = FALSE
	EndGlobalSection
	GlobalSection(ExtensibilityGlobals) = postSolution
		SolutionGuid = {B2D3B789-938A-4C52-B2C6-552DDF44CAA7}
	EndGlobalSection
EndGlobal
