
Microsoft Visual Studio Solution File, Format Version 12.00
# Visual Studio Version 16
VisualStudioVersion = 25.0.1703.7
MinimumVisualStudioVersion = 10.0.40219.1
Project("{FAE04EC0-301F-11D3-BF4B-00C04F79EFBC}") = "Aplikacja7", "Aplikacja7\Aplikacja7.csproj", "{4785839D-5933-43D5-8999-2D02B01ADABF}"
EndProject
Global
	GlobalSection(SolutionConfigurationPlatforms) = preSolution
		Debug|Any CPU = Debug|Any CPU
		Release|Any CPU = Release|Any CPU
	EndGlobalSection
	GlobalSection(ProjectConfigurationPlatforms) = postSolution
		{4785839D-5933-43D5-8999-2D02B01ADABF}.Debug|Any CPU.ActiveCfg = Debug|Any CPU
		{4785839D-5933-43D5-8999-2D02B01ADABF}.Debug|Any CPU.Build.0 = Debug|Any CPU
		{4785839D-5933-43D5-8999-2D02B01ADABF}.Release|Any CPU.ActiveCfg = Release|Any CPU
		{4785839D-5933-43D5-8999-2D02B01ADABF}.Release|Any CPU.Build.0 = Release|Any CPU
	EndGlobalSection
	GlobalSection(SolutionProperties) = preSolution
		HideSolutionNode = FALSE
	EndGlobalSection
	GlobalSection(ExtensibilityGlobals) = postSolution
		SolutionGuid = {3C721633-F2BD-4FBC-BA1D-6F58229C0218}
	EndGlobalSection
EndGlobal
